// !$*UTF8*$!
{
	archiveVersion = 1;
	classes = {
	};
	objectVersion = 50;
	objects = {

/* Begin PBXBuildFile section */
		7710AF02276AC8AE00047647 /* CenterLabelCell.swift in Sources */ = {isa = PBXBuildFile; fileRef = 7710AF01276AC8AE00047647 /* CenterLabelCell.swift */; };
		7710AF04276AD3B600047647 /* NestedViewController.swift in Sources */ = {isa = PBXBuildFile; fileRef = 7710AF03276AD3B600047647 /* NestedViewController.swift */; };
		7710AF06276ADE1000047647 /* NestedCollectionCell.swift in Sources */ = {isa = PBXBuildFile; fileRef = 7710AF05276ADE1000047647 /* NestedCollectionCell.swift */; };
		7710AF08276ADE8500047647 /* Nested.swift in Sources */ = {isa = PBXBuildFile; fileRef = 7710AF07276ADE8500047647 /* Nested.swift */; };
		777188362766E008005D0E10 /* DiffTableViewController.swift in Sources */ = {isa = PBXBuildFile; fileRef = 777188352766E008005D0E10 /* DiffTableViewController.swift */; };
		77F1A8B42766D73800A9933F /* AppDelegate.swift in Sources */ = {isa = PBXBuildFile; fileRef = 77F1A8B32766D73800A9933F /* AppDelegate.swift */; };
		77F1A8B82766D73800A9933F /* DemosViewController.swift in Sources */ = {isa = PBXBuildFile; fileRef = 77F1A8B72766D73800A9933F /* DemosViewController.swift */; };
		77F1A8BD2766D73900A9933F /* Assets.xcassets in Resources */ = {isa = PBXBuildFile; fileRef = 77F1A8BC2766D73900A9933F /* Assets.xcassets */; };
		77F1A8C02766D73900A9933F /* LaunchScreen.storyboard in Resources */ = {isa = PBXBuildFile; fileRef = 77F1A8BE2766D73900A9933F /* LaunchScreen.storyboard */; };
		77FEAC0A276A0FDC00E60AF7 /* DemoItem.swift in Sources */ = {isa = PBXBuildFile; fileRef = 77FEAC09276A0FDC00E60AF7 /* DemoItem.swift */; };
		77FEAC0D276A212800E60AF7 /* Person.swift in Sources */ = {isa = PBXBuildFile; fileRef = 77FEAC0C276A212800E60AF7 /* Person.swift */; };
		77FEAC0F276A762400E60AF7 /* SuplementaryViewsController.swift in Sources */ = {isa = PBXBuildFile; fileRef = 77FEAC0E276A762400E60AF7 /* SuplementaryViewsController.swift */; };
		77FEAC11276A786E00E60AF7 /* FeedItem.swift in Sources */ = {isa = PBXBuildFile; fileRef = 77FEAC10276A786E00E60AF7 /* FeedItem.swift */; };
		77FEAC13276A7BC900E60AF7 /* LabelCell.swift in Sources */ = {isa = PBXBuildFile; fileRef = 77FEAC12276A7BC900E60AF7 /* LabelCell.swift */; };
		77FEAC19276A918900E60AF7 /* LabelHeaderCell.swift in Sources */ = {isa = PBXBuildFile; fileRef = 77FEAC18276A918900E60AF7 /* LabelHeaderCell.swift */; };
/* End PBXBuildFile section */

/* Begin PBXFileReference section */
		7710AF01276AC8AE00047647 /* CenterLabelCell.swift */ = {isa = PBXFileReference; lastKnownFileType = sourcecode.swift; path = CenterLabelCell.swift; sourceTree = "<group>"; };
		7710AF03276AD3B600047647 /* NestedViewController.swift */ = {isa = PBXFileReference; lastKnownFileType = sourcecode.swift; path = NestedViewController.swift; sourceTree = "<group>"; };
		7710AF05276ADE1000047647 /* NestedCollectionCell.swift */ = {isa = PBXFileReference; lastKnownFileType = sourcecode.swift; path = NestedCollectionCell.swift; sourceTree = "<group>"; };
		7710AF07276ADE8500047647 /* Nested.swift */ = {isa = PBXFileReference; lastKnownFileType = sourcecode.swift; path = Nested.swift; sourceTree = "<group>"; };
		777188352766E008005D0E10 /* DiffTableViewController.swift */ = {isa = PBXFileReference; lastKnownFileType = sourcecode.swift; path = DiffTableViewController.swift; sourceTree = "<group>"; };
		77F1A8B02766D73800A9933F /* DiffableDataSourceDemo.app */ = {isa = PBXFileReference; explicitFileType = wrapper.application; includeInIndex = 0; path = DiffableDataSourceDemo.app; sourceTree = BUILT_PRODUCTS_DIR; };
		77F1A8B32766D73800A9933F /* AppDelegate.swift */ = {isa = PBXFileReference; lastKnownFileType = sourcecode.swift; path = AppDelegate.swift; sourceTree = "<group>"; };
		77F1A8B72766D73800A9933F /* DemosViewController.swift */ = {isa = PBXFileReference; lastKnownFileType = sourcecode.swift; path = DemosViewController.swift; sourceTree = "<group>"; };
		77F1A8BC2766D73900A9933F /* Assets.xcassets */ = {isa = PBXFileReference; lastKnownFileType = folder.assetcatalog; path = Assets.xcassets; sourceTree = "<group>"; };
		77F1A8BF2766D73900A9933F /* Base */ = {isa = PBXFileReference; lastKnownFileType = file.storyboard; name = Base; path = Base.lproj/LaunchScreen.storyboard; sourceTree = "<group>"; };
		77F1A8C12766D73900A9933F /* Info.plist */ = {isa = PBXFileReference; lastKnownFileType = text.plist.xml; path = Info.plist; sourceTree = "<group>"; };
		77FEAC09276A0FDC00E60AF7 /* DemoItem.swift */ = {isa = PBXFileReference; lastKnownFileType = sourcecode.swift; path = DemoItem.swift; sourceTree = "<group>"; };
		77FEAC0C276A212800E60AF7 /* Person.swift */ = {isa = PBXFileReference; lastKnownFileType = sourcecode.swift; path = Person.swift; sourceTree = "<group>"; };
		77FEAC0E276A762400E60AF7 /* SuplementaryViewsController.swift */ = {isa = PBXFileReference; lastKnownFileType = sourcecode.swift; path = SuplementaryViewsController.swift; sourceTree = "<group>"; };
		77FEAC10276A786E00E60AF7 /* FeedItem.swift */ = {isa = PBXFileReference; lastKnownFileType = sourcecode.swift; path = FeedItem.swift; sourceTree = "<group>"; };
		77FEAC12276A7BC900E60AF7 /* LabelCell.swift */ = {isa = PBXFileReference; lastKnownFileType = sourcecode.swift; path = LabelCell.swift; sourceTree = "<group>"; };
		77FEAC18276A918900E60AF7 /* LabelHeaderCell.swift */ = {isa = PBXFileReference; lastKnownFileType = sourcecode.swift; path = LabelHeaderCell.swift; sourceTree = "<group>"; };
/* End PBXFileReference section */

/* Begin PBXFrameworksBuildPhase section */
		77F1A8AD2766D73800A9933F /* Frameworks */ = {
			isa = PBXFrameworksBuildPhase;
			buildActionMask = 2147483647;
			files = (
			);
			runOnlyForDeploymentPostprocessing = 0;
		};
/* End PBXFrameworksBuildPhase section */

/* Begin PBXGroup section */
		7710AF09276ADF0A00047647 /* Nested */ = {
			isa = PBXGroup;
			children = (
				7710AF03276AD3B600047647 /* NestedViewController.swift */,
				7710AF07276ADE8500047647 /* Nested.swift */,
			);
			path = Nested;
			sourceTree = "<group>";
		};
		7767BCB0276B4E59001BFE3A /* Samples */ = {
			isa = PBXGroup;
			children = (
				77FEAC0B276A211400E60AF7 /* DiffTable */,
				77FEAC17276A834600E60AF7 /* SupplementaryViews */,
				7710AF09276ADF0A00047647 /* Nested */,
			);
			path = Samples;
			sourceTree = "<group>";
		};
		77F1A8A72766D73700A9933F = {
			isa = PBXGroup;
			children = (
				77F1A8B22766D73800A9933F /* DiffableDataSourceDemo */,
				77F1A8B12766D73800A9933F /* Products */,
			);
			sourceTree = "<group>";
		};
		77F1A8B12766D73800A9933F /* Products */ = {
			isa = PBXGroup;
			children = (
				77F1A8B02766D73800A9933F /* DiffableDataSourceDemo.app */,
			);
			name = Products;
			sourceTree = "<group>";
		};
		77F1A8B22766D73800A9933F /* DiffableDataSourceDemo */ = {
			isa = PBXGroup;
			children = (
				77F1A8B32766D73800A9933F /* AppDelegate.swift */,
				77F1A8B72766D73800A9933F /* DemosViewController.swift */,
				77FEAC09276A0FDC00E60AF7 /* DemoItem.swift */,
				7767BCB0276B4E59001BFE3A /* Samples */,
				77FEAC14276A7BCD00E60AF7 /* Utils */,
				77F1A8BC2766D73900A9933F /* Assets.xcassets */,
				77F1A8BE2766D73900A9933F /* LaunchScreen.storyboard */,
				77F1A8C12766D73900A9933F /* Info.plist */,
			);
			path = DiffableDataSourceDemo;
			sourceTree = "<group>";
		};
		77FEAC0B276A211400E60AF7 /* DiffTable */ = {
			isa = PBXGroup;
			children = (
				777188352766E008005D0E10 /* DiffTableViewController.swift */,
				77FEAC0C276A212800E60AF7 /* Person.swift */,
			);
			path = DiffTable;
			sourceTree = "<group>";
		};
		77FEAC14276A7BCD00E60AF7 /* Utils */ = {
			isa = PBXGroup;
			children = (
				77FEAC12276A7BC900E60AF7 /* LabelCell.swift */,
				77FEAC18276A918900E60AF7 /* LabelHeaderCell.swift */,
				7710AF01276AC8AE00047647 /* CenterLabelCell.swift */,
				7710AF05276ADE1000047647 /* NestedCollectionCell.swift */,
			);
			path = Utils;
			sourceTree = "<group>";
		};
		77FEAC17276A834600E60AF7 /* SupplementaryViews */ = {
			isa = PBXGroup;
			children = (
				77FEAC0E276A762400E60AF7 /* SuplementaryViewsController.swift */,
				77FEAC10276A786E00E60AF7 /* FeedItem.swift */,
			);
			path = SupplementaryViews;
			sourceTree = "<group>";
		};
/* End PBXGroup section */

/* Begin PBXNativeTarget section */
		77F1A8AF2766D73800A9933F /* DiffableDataSourceDemo */ = {
			isa = PBXNativeTarget;
			buildConfigurationList = 77F1A8C42766D73900A9933F /* Build configuration list for PBXNativeTarget "DiffableDataSourceDemo" */;
			buildPhases = (
				77F1A8AC2766D73800A9933F /* Sources */,
				77F1A8AD2766D73800A9933F /* Frameworks */,
				77F1A8AE2766D73800A9933F /* Resources */,
			);
			buildRules = (
			);
			dependencies = (
			);
			name = DiffableDataSourceDemo;
			productName = DiffableDataSourceDemo;
			productReference = 77F1A8B02766D73800A9933F /* DiffableDataSourceDemo.app */;
			productType = "com.apple.product-type.application";
		};
/* End PBXNativeTarget section */

/* Begin PBXProject section */
		77F1A8A82766D73700A9933F /* Project object */ = {
			isa = PBXProject;
			attributes = {
				LastSwiftUpdateCheck = 1250;
				LastUpgradeCheck = 1250;
				TargetAttributes = {
					77F1A8AF2766D73800A9933F = {
						CreatedOnToolsVersion = 12.5;
					};
				};
			};
			buildConfigurationList = 77F1A8AB2766D73700A9933F /* Build configuration list for PBXProject "DiffableDataSourceDemo" */;
			compatibilityVersion = "Xcode 9.3";
			developmentRegion = en;
			hasScannedForEncodings = 0;
			knownRegions = (
				en,
				Base,
			);
			mainGroup = 77F1A8A72766D73700A9933F;
			productRefGroup = 77F1A8B12766D73800A9933F /* Products */;
			projectDirPath = "";
			projectRoot = "";
			targets = (
				77F1A8AF2766D73800A9933F /* DiffableDataSourceDemo */,
			);
		};
/* End PBXProject section */

/* Begin PBXResourcesBuildPhase section */
		77F1A8AE2766D73800A9933F /* Resources */ = {
			isa = PBXResourcesBuildPhase;
			buildActionMask = 2147483647;
			files = (
				77F1A8C02766D73900A9933F /* LaunchScreen.storyboard in Resources */,
				77F1A8BD2766D73900A9933F /* Assets.xcassets in Resources */,
			);
			runOnlyForDeploymentPostprocessing = 0;
		};
/* End PBXResourcesBuildPhase section */

/* Begin PBXSourcesBuildPhase section */
		77F1A8AC2766D73800A9933F /* Sources */ = {
			isa = PBXSourcesBuildPhase;
			buildActionMask = 2147483647;
			files = (
				7710AF06276ADE1000047647 /* NestedCollectionCell.swift in Sources */,
				7710AF08276ADE8500047647 /* Nested.swift in Sources */,
				77FEAC0D276A212800E60AF7 /* Person.swift in Sources */,
				77FEAC0F276A762400E60AF7 /* SuplementaryViewsController.swift in Sources */,
				77FEAC13276A7BC900E60AF7 /* LabelCell.swift in Sources */,
				777188362766E008005D0E10 /* DiffTableViewController.swift in Sources */,
				77FEAC0A276A0FDC00E60AF7 /* DemoItem.swift in Sources */,
				77F1A8B82766D73800A9933F /* DemosViewController.swift in Sources */,
				7710AF04276AD3B600047647 /* NestedViewController.swift in Sources */,
				77FEAC11276A786E00E60AF7 /* FeedItem.swift in Sources */,
				7710AF02276AC8AE00047647 /* CenterLabelCell.swift in Sources */,
				77F1A8B42766D73800A9933F /* AppDelegate.swift in Sources */,
				77FEAC19276A918900E60AF7 /* LabelHeaderCell.swift in Sources */,
			);
			runOnlyForDeploymentPostprocessing = 0;
		};
/* End PBXSourcesBuildPhase section */

/* Begin PBXVariantGroup section */
		77F1A8BE2766D73900A9933F /* LaunchScreen.storyboard */ = {
			isa = PBXVariantGroup;
			children = (
				77F1A8BF2766D73900A9933F /* Base */,
			);
			name = LaunchScreen.storyboard;
			sourceTree = "<group>";
		};
/* End PBXVariantGroup section */

/* Begin XCBuildConfiguration section */
		77F1A8C22766D73900A9933F /* Debug */ = {
			isa = XCBuildConfiguration;
			buildSettings = {
				ALWAYS_SEARCH_USER_PATHS = NO;
				CLANG_ANALYZER_NONNULL = YES;
				CLANG_ANALYZER_NUMBER_OBJECT_CONVERSION = YES_AGGRESSIVE;
				CLANG_CXX_LANGUAGE_STANDARD = "gnu++14";
				CLANG_CXX_LIBRARY = "libc++";
				CLANG_ENABLE_MODULES = YES;
				CLANG_ENABLE_OBJC_ARC = YES;
				CLANG_ENABLE_OBJC_WEAK = YES;
				CLANG_WARN_BLOCK_CAPTURE_AUTORELEASING = YES;
				CLANG_WARN_BOOL_CONVERSION = YES;
				CLANG_WARN_COMMA = YES;
				CLANG_WARN_CONSTANT_CONVERSION = YES;
				CLANG_WARN_DEPRECATED_OBJC_IMPLEMENTATIONS = YES;
				CLANG_WARN_DIRECT_OBJC_ISA_USAGE = YES_ERROR;
				CLANG_WARN_DOCUMENTATION_COMMENTS = YES;
				CLANG_WARN_EMPTY_BODY = YES;
				CLANG_WARN_ENUM_CONVERSION = YES;
				CLANG_WARN_INFINITE_RECURSION = YES;
				CLANG_WARN_INT_CONVERSION = YES;
				CLANG_WARN_NON_LITERAL_NULL_CONVERSION = YES;
				CLANG_WARN_OBJC_IMPLICIT_RETAIN_SELF = YES;
				CLANG_WARN_OBJC_LITERAL_CONVERSION = YES;
				CLANG_WARN_OBJC_ROOT_CLASS = YES_ERROR;
				CLANG_WARN_QUOTED_INCLUDE_IN_FRAMEWORK_HEADER = YES;
				CLANG_WARN_RANGE_LOOP_ANALYSIS = YES;
				CLANG_WARN_STRICT_PROTOTYPES = YES;
				CLANG_WARN_SUSPICIOUS_MOVE = YES;
				CLANG_WARN_UNGUARDED_AVAILABILITY = YES_AGGRESSIVE;
				CLANG_WARN_UNREACHABLE_CODE = YES;
				CLANG_WARN__DUPLICATE_METHOD_MATCH = YES;
				COPY_PHASE_STRIP = NO;
				DEBUG_INFORMATION_FORMAT = dwarf;
				ENABLE_STRICT_OBJC_MSGSEND = YES;
				ENABLE_TESTABILITY = YES;
				GCC_C_LANGUAGE_STANDARD = gnu11;
				GCC_DYNAMIC_NO_PIC = NO;
				GCC_NO_COMMON_BLOCKS = YES;
				GCC_OPTIMIZATION_LEVEL = 0;
				GCC_PREPROCESSOR_DEFINITIONS = (
					"DEBUG=1",
					"$(inherited)",
				);
				GCC_WARN_64_TO_32_BIT_CONVERSION = YES;
				GCC_WARN_ABOUT_RETURN_TYPE = YES_ERROR;
				GCC_WARN_UNDECLARED_SELECTOR = YES;
				GCC_WARN_UNINITIALIZED_AUTOS = YES_AGGRESSIVE;
				GCC_WARN_UNUSED_FUNCTION = YES;
				GCC_WARN_UNUSED_VARIABLE = YES;
				IPHONEOS_DEPLOYMENT_TARGET = 14.5;
				MTL_ENABLE_DEBUG_INFO = INCLUDE_SOURCE;
				MTL_FAST_MATH = YES;
				ONLY_ACTIVE_ARCH = YES;
				SDKROOT = iphoneos;
				SWIFT_ACTIVE_COMPILATION_CONDITIONS = DEBUG;
				SWIFT_OPTIMIZATION_LEVEL = "-Onone";
			};
			name = Debug;
		};
		77F1A8C32766D73900A9933F /* Release */ = {
			isa = XCBuildConfiguration;
			buildSettings = {
				ALWAYS_SEARCH_USER_PATHS = NO;
				CLANG_ANALYZER_NONNULL = YES;
				CLANG_ANALYZER_NUMBER_OBJECT_CONVERSION = YES_AGGRESSIVE;
				CLANG_CXX_LANGUAGE_STANDARD = "gnu++14";
				CLANG_CXX_LIBRARY = "libc++";
				CLANG_ENABLE_MODULES = YES;
				CLANG_ENABLE_OBJC_ARC = YES;
				CLANG_ENABLE_OBJC_WEAK = YES;
				CLANG_WARN_BLOCK_CAPTURE_AUTORELEASING = YES;
				CLANG_WARN_BOOL_CONVERSION = YES;
				CLANG_WARN_COMMA = YES;
				CLANG_WARN_CONSTANT_CONVERSION = YES;
				CLANG_WARN_DEPRECATED_OBJC_IMPLEMENTATIONS = YES;
				CLANG_WARN_DIRECT_OBJC_ISA_USAGE = YES_ERROR;
				CLANG_WARN_DOCUMENTATION_COMMENTS = YES;
				CLANG_WARN_EMPTY_BODY = YES;
				CLANG_WARN_ENUM_CONVERSION = YES;
				CLANG_WARN_INFINITE_RECURSION = YES;
				CLANG_WARN_INT_CONVERSION = YES;
				CLANG_WARN_NON_LITERAL_NULL_CONVERSION = YES;
				CLANG_WARN_OBJC_IMPLICIT_RETAIN_SELF = YES;
				CLANG_WARN_OBJC_LITERAL_CONVERSION = YES;
				CLANG_WARN_OBJC_ROOT_CLASS = YES_ERROR;
				CLANG_WARN_QUOTED_INCLUDE_IN_FRAMEWORK_HEADER = YES;
				CLANG_WARN_RANGE_LOOP_ANALYSIS = YES;
				CLANG_WARN_STRICT_PROTOTYPES = YES;
				CLANG_WARN_SUSPICIOUS_MOVE = YES;
				CLANG_WARN_UNGUARDED_AVAILABILITY = YES_AGGRESSIVE;
				CLANG_WARN_UNREACHABLE_CODE = YES;
				CLANG_WARN__DUPLICATE_METHOD_MATCH = YES;
				COPY_PHASE_STRIP = NO;
				DEBUG_INFORMATION_FORMAT = "dwarf-with-dsym";
				ENABLE_NS_ASSERTIONS = NO;
				ENABLE_STRICT_OBJC_MSGSEND = YES;
				GCC_C_LANGUAGE_STANDARD = gnu11;
				GCC_NO_COMMON_BLOCKS = YES;
				GCC_WARN_64_TO_32_BIT_CONVERSION = YES;
				GCC_WARN_ABOUT_RETURN_TYPE = YES_ERROR;
				GCC_WARN_UNDECLARED_SELECTOR = YES;
				GCC_WARN_UNINITIALIZED_AUTOS = YES_AGGRESSIVE;
				GCC_WARN_UNUSED_FUNCTION = YES;
				GCC_WARN_UNUSED_VARIABLE = YES;
				IPHONEOS_DEPLOYMENT_TARGET = 14.5;
				MTL_ENABLE_DEBUG_INFO = NO;
				MTL_FAST_MATH = YES;
				SDKROOT = iphoneos;
				SWIFT_COMPILATION_MODE = wholemodule;
				SWIFT_OPTIMIZATION_LEVEL = "-O";
				VALIDATE_PRODUCT = YES;
			};
			name = Release;
		};
		77F1A8C52766D73900A9933F /* Debug */ = {
			isa = XCBuildConfiguration;
			buildSettings = {
				ASSETCATALOG_COMPILER_APPICON_NAME = AppIcon;
				ASSETCATALOG_COMPILER_GLOBAL_ACCENT_COLOR_NAME = AccentColor;
				CODE_SIGN_STYLE = Automatic;
				DEVELOPMENT_TEAM = 69J5F9YP48;
				INFOPLIST_FILE = DiffableDataSourceDemo/Info.plist;
				IPHONEOS_DEPLOYMENT_TARGET = 13.0;
				LD_RUNPATH_SEARCH_PATHS = (
					"$(inherited)",
					"@executable_path/Frameworks",
				);
				PRODUCT_BUNDLE_IDENTIFIER = rcaos.home.DiffableDataSourceDemo;
				PRODUCT_NAME = "$(TARGET_NAME)";
				SWIFT_VERSION = 5.0;
				TARGETED_DEVICE_FAMILY = "1,2";
			};
			name = Debug;
		};
		77F1A8C62766D73900A9933F /* Release */ = {
			isa = XCBuildConfiguration;
			buildSettings = {
				ASSETCATALOG_COMPILER_APPICON_NAME = AppIcon;
				ASSETCATALOG_COMPILER_GLOBAL_ACCENT_COLOR_NAME = AccentColor;
				CODE_SIGN_STYLE = Automatic;
				DEVELOPMENT_TEAM = 69J5F9YP48;
				INFOPLIST_FILE = DiffableDataSourceDemo/Info.plist;
				IPHONEOS_DEPLOYMENT_TARGET = 13.0;
				LD_RUNPATH_SEARCH_PATHS = (
					"$(inherited)",
					"@executable_path/Frameworks",
				);
				PRODUCT_BUNDLE_IDENTIFIER = rcaos.home.DiffableDataSourceDemo;
				PRODUCT_NAME = "$(TARGET_NAME)";
				SWIFT_VERSION = 5.0;
				TARGETED_DEVICE_FAMILY = "1,2";
			};
			name = Release;
		};
/* End XCBuildConfiguration section */

/* Begin XCConfigurationList section */
		77F1A8AB2766D73700A9933F /* Build configuration list for PBXProject "DiffableDataSourceDemo" */ = {
			isa = XCConfigurationList;
			buildConfigurations = (
				77F1A8C22766D73900A9933F /* Debug */,
				77F1A8C32766D73900A9933F /* Release */,
			);
			defaultConfigurationIsVisible = 0;
			defaultConfigurationName = Release;
		};
		77F1A8C42766D73900A9933F /* Build configuration list for PBXNativeTarget "DiffableDataSourceDemo" */ = {
			isa = XCConfigurationList;
			buildConfigurations = (
				77F1A8C52766D73900A9933F /* Debug */,
				77F1A8C62766D73900A9933F /* Release */,
			);
			defaultConfigurationIsVisible = 0;
			defaultConfigurationName = Release;
		};
/* End XCConfigurationList section */
	};
	rootObject = 77F1A8A82766D73700A9933F /* Project object */;
}
